
Microsoft Visual Studio Solution File, Format Version 12.00
# Visual Studio 14
VisualStudioVersion = 14.0.25420.1
MinimumVisualStudioVersion = 10.0.40219.1
Project("{FAE04EC0-301F-11D3-BF4B-00C04F79EFBC}") = "Quiron.LojaVirtual.Dominio", "Quiron.LojaVirtual.Dominio\Quiron.LojaVirtual.Dominio.csproj", "{045DDC65-6D5B-4150-B8CB-4B98C95B6DDC}"
EndProject
Project("{FAE04EC0-301F-11D3-BF4B-00C04F79EFBC}") = "Quiron.LojaVirtual.Web", "Quiron.LojaVirtual.Web\Quiron.LojaVirtual.Web.csproj", "{ED5C5D1F-23C2-4ADB-953F-AE361C8C0A5B}"
EndProject
Project("{FAE04EC0-301F-11D3-BF4B-00C04F79EFBC}") = "Quiron.LojaVirtual.UnitTest", "Quiron.LojaVirtual.UnitTest\Quiron.LojaVirtual.UnitTest.csproj", "{5F45F8AB-3178-4838-9E57-BCA0F2987F80}"
EndProject
Global
	GlobalSection(SolutionConfigurationPlatforms) = preSolution
		Debug|Any CPU = Debug|Any CPU
		Release|Any CPU = Release|Any CPU
	EndGlobalSection
	GlobalSection(ProjectConfigurationPlatforms) = postSolution
		{045DDC65-6D5B-4150-B8CB-4B98C95B6DDC}.Debug|Any CPU.ActiveCfg = Debug|Any CPU
		{045DDC65-6D5B-4150-B8CB-4B98C95B6DDC}.Debug|Any CPU.Build.0 = Debug|Any CPU
		{045DDC65-6D5B-4150-B8CB-4B98C95B6DDC}.Release|Any CPU.ActiveCfg = Release|Any CPU
		{045DDC65-6D5B-4150-B8CB-4B98C95B6DDC}.Release|Any CPU.Build.0 = Release|Any CPU
		{ED5C5D1F-23C2-4ADB-953F-AE361C8C0A5B}.Debug|Any CPU.ActiveCfg = Debug|Any CPU
		{ED5C5D1F-23C2-4ADB-953F-AE361C8C0A5B}.Debug|Any CPU.Build.0 = Debug|Any CPU
		{ED5C5D1F-23C2-4ADB-953F-AE361C8C0A5B}.Release|Any CPU.ActiveCfg = Release|Any CPU
		{ED5C5D1F-23C2-4ADB-953F-AE361C8C0A5B}.Release|Any CPU.Build.0 = Release|Any CPU
		{5F45F8AB-3178-4838-9E57-BCA0F2987F80}.Debug|Any CPU.ActiveCfg = Debug|Any CPU
		{5F45F8AB-3178-4838-9E57-BCA0F2987F80}.Debug|Any CPU.Build.0 = Debug|Any CPU
		{5F45F8AB-3178-4838-9E57-BCA0F2987F80}.Release|Any CPU.ActiveCfg = Release|Any CPU
		{5F45F8AB-3178-4838-9E57-BCA0F2987F80}.Release|Any CPU.Build.0 = Release|Any CPU
	EndGlobalSection
	GlobalSection(SolutionProperties) = preSolution
		HideSolutionNode = FALSE
	EndGlobalSection
EndGlobal
